// !$*UTF8*$!
{
	archiveVersion = 1;
	classes = {
	};
	objectVersion = 56;
	objects = {

/* Begin PBXBuildFile section */
		EC7CCFE82852108C00A2C87F /* NBodySimulationApp.swift in Sources */ = {isa = PBXBuildFile; fileRef = EC7CCFE72852108C00A2C87F /* NBodySimulationApp.swift */; };
		EC7CCFEA2852108C00A2C87F /* ContentView.swift in Sources */ = {isa = PBXBuildFile; fileRef = EC7CCFE92852108C00A2C87F /* ContentView.swift */; };
		EC7CCFEC2852108D00A2C87F /* Assets.xcassets in Resources */ = {isa = PBXBuildFile; fileRef = EC7CCFEB2852108D00A2C87F /* Assets.xcassets */; };
		EC7CCFF02852108D00A2C87F /* Preview Assets.xcassets in Resources */ = {isa = PBXBuildFile; fileRef = EC7CCFEF2852108D00A2C87F /* Preview Assets.xcassets */; };
		EC7CCFFA2852108D00A2C87F /* NBodySimulationTests.swift in Sources */ = {isa = PBXBuildFile; fileRef = EC7CCFF92852108D00A2C87F /* NBodySimulationTests.swift */; };
		EC7CD0042852108D00A2C87F /* NBodySimulationUITests.swift in Sources */ = {isa = PBXBuildFile; fileRef = EC7CD0032852108D00A2C87F /* NBodySimulationUITests.swift */; };
		EC7CD0062852108D00A2C87F /* NBodySimulationUITestsLaunchTests.swift in Sources */ = {isa = PBXBuildFile; fileRef = EC7CD0052852108D00A2C87F /* NBodySimulationUITestsLaunchTests.swift */; };
		EC7CD015285210F300A2C87F /* Double+G.swift in Sources */ = {isa = PBXBuildFile; fileRef = EC7CD012285210F200A2C87F /* Double+G.swift */; };
		EC7CD016285210F300A2C87F /* Double+G.swift in Sources */ = {isa = PBXBuildFile; fileRef = EC7CD012285210F200A2C87F /* Double+G.swift */; };
		EC7CD019285210F300A2C87F /* Planet.swift in Sources */ = {isa = PBXBuildFile; fileRef = EC7CD014285210F300A2C87F /* Planet.swift */; };
		EC7CD01A285210F300A2C87F /* Planet.swift in Sources */ = {isa = PBXBuildFile; fileRef = EC7CD014285210F300A2C87F /* Planet.swift */; };
		ECD57A4F285252A5007D88E3 /* NBodyUniverse.swift in Sources */ = {isa = PBXBuildFile; fileRef = ECD57A4E285252A5007D88E3 /* NBodyUniverse.swift */; };
		ECD57A50285277EA007D88E3 /* NBodyUniverse.swift in Sources */ = {isa = PBXBuildFile; fileRef = ECD57A4E285252A5007D88E3 /* NBodyUniverse.swift */; };
/* End PBXBuildFile section */

/* Begin PBXContainerItemProxy section */
		EC7CCFF62852108D00A2C87F /* PBXContainerItemProxy */ = {
			isa = PBXContainerItemProxy;
			containerPortal = EC7CCFDC2852108C00A2C87F /* Project object */;
			proxyType = 1;
			remoteGlobalIDString = EC7CCFE32852108C00A2C87F;
			remoteInfo = NBodySimulation;
		};
		EC7CD0002852108D00A2C87F /* PBXContainerItemProxy */ = {
			isa = PBXContainerItemProxy;
			containerPortal = EC7CCFDC2852108C00A2C87F /* Project object */;
			proxyType = 1;
			remoteGlobalIDString = EC7CCFE32852108C00A2C87F;
			remoteInfo = NBodySimulation;
		};
/* End PBXContainerItemProxy section */

/* Begin PBXFileReference section */
		EC7CCFE42852108C00A2C87F /* NBodySimulation.app */ = {isa = PBXFileReference; explicitFileType = wrapper.application; includeInIndex = 0; path = NBodySimulation.app; sourceTree = BUILT_PRODUCTS_DIR; };
		EC7CCFE72852108C00A2C87F /* NBodySimulationApp.swift */ = {isa = PBXFileReference; lastKnownFileType = sourcecode.swift; path = NBodySimulationApp.swift; sourceTree = "<group>"; };
		EC7CCFE92852108C00A2C87F /* ContentView.swift */ = {isa = PBXFileReference; lastKnownFileType = sourcecode.swift; path = ContentView.swift; sourceTree = "<group>"; };
		EC7CCFEB2852108D00A2C87F /* Assets.xcassets */ = {isa = PBXFileReference; lastKnownFileType = folder.assetcatalog; path = Assets.xcassets; sourceTree = "<group>"; };
		EC7CCFED2852108D00A2C87F /* NBodySimulation.entitlements */ = {isa = PBXFileReference; lastKnownFileType = text.plist.entitlements; path = NBodySimulation.entitlements; sourceTree = "<group>"; };
		EC7CCFEF2852108D00A2C87F /* Preview Assets.xcassets */ = {isa = PBXFileReference; lastKnownFileType = folder.assetcatalog; path = "Preview Assets.xcassets"; sourceTree = "<group>"; };
		EC7CCFF52852108D00A2C87F /* NBodySimulationTests.xctest */ = {isa = PBXFileReference; explicitFileType = wrapper.cfbundle; includeInIndex = 0; path = NBodySimulationTests.xctest; sourceTree = BUILT_PRODUCTS_DIR; };
		EC7CCFF92852108D00A2C87F /* NBodySimulationTests.swift */ = {isa = PBXFileReference; lastKnownFileType = sourcecode.swift; path = NBodySimulationTests.swift; sourceTree = "<group>"; };
		EC7CCFFF2852108D00A2C87F /* NBodySimulationUITests.xctest */ = {isa = PBXFileReference; explicitFileType = wrapper.cfbundle; includeInIndex = 0; path = NBodySimulationUITests.xctest; sourceTree = BUILT_PRODUCTS_DIR; };
		EC7CD0032852108D00A2C87F /* NBodySimulationUITests.swift */ = {isa = PBXFileReference; lastKnownFileType = sourcecode.swift; path = NBodySimulationUITests.swift; sourceTree = "<group>"; };
		EC7CD0052852108D00A2C87F /* NBodySimulationUITestsLaunchTests.swift */ = {isa = PBXFileReference; lastKnownFileType = sourcecode.swift; path = NBodySimulationUITestsLaunchTests.swift; sourceTree = "<group>"; };
		EC7CD012285210F200A2C87F /* Double+G.swift */ = {isa = PBXFileReference; fileEncoding = 4; lastKnownFileType = sourcecode.swift; path = "Double+G.swift"; sourceTree = "<group>"; };
		EC7CD014285210F300A2C87F /* Planet.swift */ = {isa = PBXFileReference; fileEncoding = 4; lastKnownFileType = sourcecode.swift; path = Planet.swift; sourceTree = "<group>"; };
		ECD57A4E285252A5007D88E3 /* NBodyUniverse.swift */ = {isa = PBXFileReference; lastKnownFileType = sourcecode.swift; path = NBodyUniverse.swift; sourceTree = "<group>"; };
/* End PBXFileReference section */

/* Begin PBXFrameworksBuildPhase section */
		EC7CCFE12852108C00A2C87F /* Frameworks */ = {
			isa = PBXFrameworksBuildPhase;
			buildActionMask = 2147483647;
			files = (
			);
			runOnlyForDeploymentPostprocessing = 0;
		};
		EC7CCFF22852108D00A2C87F /* Frameworks */ = {
			isa = PBXFrameworksBuildPhase;
			buildActionMask = 2147483647;
			files = (
			);
			runOnlyForDeploymentPostprocessing = 0;
		};
		EC7CCFFC2852108D00A2C87F /* Frameworks */ = {
			isa = PBXFrameworksBuildPhase;
			buildActionMask = 2147483647;
			files = (
			);
			runOnlyForDeploymentPostprocessing = 0;
		};
/* End PBXFrameworksBuildPhase section */

/* Begin PBXGroup section */
		EC7CCFDB2852108C00A2C87F = {
			isa = PBXGroup;
			children = (
				EC7CCFE62852108C00A2C87F /* NBodySimulation */,
				EC7CCFF82852108D00A2C87F /* NBodySimulationTests */,
				EC7CD0022852108D00A2C87F /* NBodySimulationUITests */,
				EC7CCFE52852108C00A2C87F /* Products */,
			);
			sourceTree = "<group>";
		};
		EC7CCFE52852108C00A2C87F /* Products */ = {
			isa = PBXGroup;
			children = (
				EC7CCFE42852108C00A2C87F /* NBodySimulation.app */,
				EC7CCFF52852108D00A2C87F /* NBodySimulationTests.xctest */,
				EC7CCFFF2852108D00A2C87F /* NBodySimulationUITests.xctest */,
			);
			name = Products;
			sourceTree = "<group>";
		};
		EC7CCFE62852108C00A2C87F /* NBodySimulation */ = {
			isa = PBXGroup;
			children = (
				EC7CCFE72852108C00A2C87F /* NBodySimulationApp.swift */,
				EC7CCFE92852108C00A2C87F /* ContentView.swift */,
				ECD57A4E285252A5007D88E3 /* NBodyUniverse.swift */,
				EC7CD014285210F300A2C87F /* Planet.swift */,
				EC7CD012285210F200A2C87F /* Double+G.swift */,
				EC7CCFEB2852108D00A2C87F /* Assets.xcassets */,
				EC7CCFED2852108D00A2C87F /* NBodySimulation.entitlements */,
				EC7CCFEE2852108D00A2C87F /* Preview Content */,
			);
			path = NBodySimulation;
			sourceTree = "<group>";
		};
		EC7CCFEE2852108D00A2C87F /* Preview Content */ = {
			isa = PBXGroup;
			children = (
				EC7CCFEF2852108D00A2C87F /* Preview Assets.xcassets */,
			);
			path = "Preview Content";
			sourceTree = "<group>";
		};
		EC7CCFF82852108D00A2C87F /* NBodySimulationTests */ = {
			isa = PBXGroup;
			children = (
				EC7CCFF92852108D00A2C87F /* NBodySimulationTests.swift */,
			);
			path = NBodySimulationTests;
			sourceTree = "<group>";
		};
		EC7CD0022852108D00A2C87F /* NBodySimulationUITests */ = {
			isa = PBXGroup;
			children = (
				EC7CD0032852108D00A2C87F /* NBodySimulationUITests.swift */,
				EC7CD0052852108D00A2C87F /* NBodySimulationUITestsLaunchTests.swift */,
			);
			path = NBodySimulationUITests;
			sourceTree = "<group>";
		};
/* End PBXGroup section */

/* Begin PBXNativeTarget section */
		EC7CCFE32852108C00A2C87F /* NBodySimulation */ = {
			isa = PBXNativeTarget;
			buildConfigurationList = EC7CD0092852108D00A2C87F /* Build configuration list for PBXNativeTarget "NBodySimulation" */;
			buildPhases = (
				EC7CCFE02852108C00A2C87F /* Sources */,
				EC7CCFE12852108C00A2C87F /* Frameworks */,
				EC7CCFE22852108C00A2C87F /* Resources */,
			);
			buildRules = (
			);
			dependencies = (
			);
			name = NBodySimulation;
			productName = NBodySimulation;
			productReference = EC7CCFE42852108C00A2C87F /* NBodySimulation.app */;
			productType = "com.apple.product-type.application";
		};
		EC7CCFF42852108D00A2C87F /* NBodySimulationTests */ = {
			isa = PBXNativeTarget;
			buildConfigurationList = EC7CD00C2852108D00A2C87F /* Build configuration list for PBXNativeTarget "NBodySimulationTests" */;
			buildPhases = (
				EC7CCFF12852108D00A2C87F /* Sources */,
				EC7CCFF22852108D00A2C87F /* Frameworks */,
				EC7CCFF32852108D00A2C87F /* Resources */,
			);
			buildRules = (
			);
			dependencies = (
				EC7CCFF72852108D00A2C87F /* PBXTargetDependency */,
			);
			name = NBodySimulationTests;
			productName = NBodySimulationTests;
			productReference = EC7CCFF52852108D00A2C87F /* NBodySimulationTests.xctest */;
			productType = "com.apple.product-type.bundle.unit-test";
		};
		EC7CCFFE2852108D00A2C87F /* NBodySimulationUITests */ = {
			isa = PBXNativeTarget;
			buildConfigurationList = EC7CD00F2852108D00A2C87F /* Build configuration list for PBXNativeTarget "NBodySimulationUITests" */;
			buildPhases = (
				EC7CCFFB2852108D00A2C87F /* Sources */,
				EC7CCFFC2852108D00A2C87F /* Frameworks */,
				EC7CCFFD2852108D00A2C87F /* Resources */,
			);
			buildRules = (
			);
			dependencies = (
				EC7CD0012852108D00A2C87F /* PBXTargetDependency */,
			);
			name = NBodySimulationUITests;
			productName = NBodySimulationUITests;
			productReference = EC7CCFFF2852108D00A2C87F /* NBodySimulationUITests.xctest */;
			productType = "com.apple.product-type.bundle.ui-testing";
		};
/* End PBXNativeTarget section */

/* Begin PBXProject section */
		EC7CCFDC2852108C00A2C87F /* Project object */ = {
			isa = PBXProject;
			attributes = {
				BuildIndependentTargetsInParallel = 1;
				LastSwiftUpdateCheck = 1400;
				LastUpgradeCheck = 1400;
				TargetAttributes = {
					EC7CCFE32852108C00A2C87F = {
						CreatedOnToolsVersion = 14.0;
					};
					EC7CCFF42852108D00A2C87F = {
						CreatedOnToolsVersion = 14.0;
						TestTargetID = EC7CCFE32852108C00A2C87F;
					};
					EC7CCFFE2852108D00A2C87F = {
						CreatedOnToolsVersion = 14.0;
						TestTargetID = EC7CCFE32852108C00A2C87F;
					};
				};
			};
			buildConfigurationList = EC7CCFDF2852108C00A2C87F /* Build configuration list for PBXProject "NBodySimulation" */;
			compatibilityVersion = "Xcode 14.0";
			developmentRegion = en;
			hasScannedForEncodings = 0;
			knownRegions = (
				en,
				Base,
			);
			mainGroup = EC7CCFDB2852108C00A2C87F;
			productRefGroup = EC7CCFE52852108C00A2C87F /* Products */;
			projectDirPath = "";
			projectRoot = "";
			targets = (
				EC7CCFE32852108C00A2C87F /* NBodySimulation */,
				EC7CCFF42852108D00A2C87F /* NBodySimulationTests */,
				EC7CCFFE2852108D00A2C87F /* NBodySimulationUITests */,
			);
		};
/* End PBXProject section */

/* Begin PBXResourcesBuildPhase section */
		EC7CCFE22852108C00A2C87F /* Resources */ = {
			isa = PBXResourcesBuildPhase;
			buildActionMask = 2147483647;
			files = (
				EC7CCFF02852108D00A2C87F /* Preview Assets.xcassets in Resources */,
				EC7CCFEC2852108D00A2C87F /* Assets.xcassets in Resources */,
			);
			runOnlyForDeploymentPostprocessing = 0;
		};
		EC7CCFF32852108D00A2C87F /* Resources */ = {
			isa = PBXResourcesBuildPhase;
			buildActionMask = 2147483647;
			files = (
			);
			runOnlyForDeploymentPostprocessing = 0;
		};
		EC7CCFFD2852108D00A2C87F /* Resources */ = {
			isa = PBXResourcesBuildPhase;
			buildActionMask = 2147483647;
			files = (
			);
			runOnlyForDeploymentPostprocessing = 0;
		};
/* End PBXResourcesBuildPhase section */

/* Begin PBXSourcesBuildPhase section */
		EC7CCFE02852108C00A2C87F /* Sources */ = {
			isa = PBXSourcesBuildPhase;
			buildActionMask = 2147483647;
			files = (
				EC7CCFEA2852108C00A2C87F /* ContentView.swift in Sources */,
				ECD57A4F285252A5007D88E3 /* NBodyUniverse.swift in Sources */,
				EC7CD015285210F300A2C87F /* Double+G.swift in Sources */,
				EC7CCFE82852108C00A2C87F /* NBodySimulationApp.swift in Sources */,
				EC7CD019285210F300A2C87F /* Planet.swift in Sources */,
			);
			runOnlyForDeploymentPostprocessing = 0;
		};
		EC7CCFF12852108D00A2C87F /* Sources */ = {
			isa = PBXSourcesBuildPhase;
			buildActionMask = 2147483647;
			files = (
				EC7CD016285210F300A2C87F /* Double+G.swift in Sources */,
				EC7CCFFA2852108D00A2C87F /* NBodySimulationTests.swift in Sources */,
				EC7CD01A285210F300A2C87F /* Planet.swift in Sources */,
				ECD57A50285277EA007D88E3 /* NBodyUniverse.swift in Sources */,
			);
			runOnlyForDeploymentPostprocessing = 0;
		};
		EC7CCFFB2852108D00A2C87F /* Sources */ = {
			isa = PBXSourcesBuildPhase;
			buildActionMask = 2147483647;
			files = (
				EC7CD0062852108D00A2C87F /* NBodySimulationUITestsLaunchTests.swift in Sources */,
				EC7CD0042852108D00A2C87F /* NBodySimulationUITests.swift in Sources */,
			);
			runOnlyForDeploymentPostprocessing = 0;
		};
/* End PBXSourcesBuildPhase section */

/* Begin PBXTargetDependency section */
		EC7CCFF72852108D00A2C87F /* PBXTargetDependency */ = {
			isa = PBXTargetDependency;
			target = EC7CCFE32852108C00A2C87F /* NBodySimulation */;
			targetProxy = EC7CCFF62852108D00A2C87F /* PBXContainerItemProxy */;
		};
		EC7CD0012852108D00A2C87F /* PBXTargetDependency */ = {
			isa = PBXTargetDependency;
			target = EC7CCFE32852108C00A2C87F /* NBodySimulation */;
			targetProxy = EC7CD0002852108D00A2C87F /* PBXContainerItemProxy */;
		};
/* End PBXTargetDependency section */

/* Begin XCBuildConfiguration section */
		EC7CD0072852108D00A2C87F /* Debug */ = {
			isa = XCBuildConfiguration;
			buildSettings = {
				ALWAYS_SEARCH_USER_PATHS = NO;
				CLANG_ANALYZER_NONNULL = YES;
				CLANG_ANALYZER_NUMBER_OBJECT_CONVERSION = YES_AGGRESSIVE;
				CLANG_CXX_LANGUAGE_STANDARD = "gnu++17";
				CLANG_ENABLE_MODULES = YES;
				CLANG_ENABLE_OBJC_ARC = YES;
				CLANG_ENABLE_OBJC_WEAK = YES;
				CLANG_WARN_BLOCK_CAPTURE_AUTORELEASING = YES;
				CLANG_WARN_BOOL_CONVERSION = YES;
				CLANG_WARN_COMMA = YES;
				CLANG_WARN_CONSTANT_CONVERSION = YES;
				CLANG_WARN_DEPRECATED_OBJC_IMPLEMENTATIONS = YES;
				CLANG_WARN_DIRECT_OBJC_ISA_USAGE = YES_ERROR;
				CLANG_WARN_DOCUMENTATION_COMMENTS = YES;
				CLANG_WARN_EMPTY_BODY = YES;
				CLANG_WARN_ENUM_CONVERSION = YES;
				CLANG_WARN_INFINITE_RECURSION = YES;
				CLANG_WARN_INT_CONVERSION = YES;
				CLANG_WARN_NON_LITERAL_NULL_CONVERSION = YES;
				CLANG_WARN_OBJC_IMPLICIT_RETAIN_SELF = YES;
				CLANG_WARN_OBJC_LITERAL_CONVERSION = YES;
				CLANG_WARN_OBJC_ROOT_CLASS = YES_ERROR;
				CLANG_WARN_QUOTED_INCLUDE_IN_FRAMEWORK_HEADER = YES;
				CLANG_WARN_RANGE_LOOP_ANALYSIS = YES;
				CLANG_WARN_STRICT_PROTOTYPES = YES;
				CLANG_WARN_SUSPICIOUS_MOVE = YES;
				CLANG_WARN_UNGUARDED_AVAILABILITY = YES_AGGRESSIVE;
				CLANG_WARN_UNREACHABLE_CODE = YES;
				CLANG_WARN__DUPLICATE_METHOD_MATCH = YES;
				COPY_PHASE_STRIP = NO;
				DEBUG_INFORMATION_FORMAT = dwarf;
				ENABLE_STRICT_OBJC_MSGSEND = YES;
				ENABLE_TESTABILITY = YES;
				GCC_C_LANGUAGE_STANDARD = gnu11;
				GCC_DYNAMIC_NO_PIC = NO;
				GCC_NO_COMMON_BLOCKS = YES;
				GCC_OPTIMIZATION_LEVEL = 0;
				GCC_PREPROCESSOR_DEFINITIONS = (
					"DEBUG=1",
					"$(inherited)",
				);
				GCC_WARN_64_TO_32_BIT_CONVERSION = YES;
				GCC_WARN_ABOUT_RETURN_TYPE = YES_ERROR;
				GCC_WARN_UNDECLARED_SELECTOR = YES;
				GCC_WARN_UNINITIALIZED_AUTOS = YES_AGGRESSIVE;
				GCC_WARN_UNUSED_FUNCTION = YES;
				GCC_WARN_UNUSED_VARIABLE = YES;
				IPHONEOS_DEPLOYMENT_TARGET = 16.0;
				MACOSX_DEPLOYMENT_TARGET = 13.0;
				MTL_ENABLE_DEBUG_INFO = INCLUDE_SOURCE;
				MTL_FAST_MATH = YES;
				ONLY_ACTIVE_ARCH = YES;
				SWIFT_ACTIVE_COMPILATION_CONDITIONS = DEBUG;
				SWIFT_OPTIMIZATION_LEVEL = "-Onone";
			};
			name = Debug;
		};
		EC7CD0082852108D00A2C87F /* Release */ = {
			isa = XCBuildConfiguration;
			buildSettings = {
				ALWAYS_SEARCH_USER_PATHS = NO;
				CLANG_ANALYZER_NONNULL = YES;
				CLANG_ANALYZER_NUMBER_OBJECT_CONVERSION = YES_AGGRESSIVE;
				CLANG_CXX_LANGUAGE_STANDARD = "gnu++17";
				CLANG_ENABLE_MODULES = YES;
				CLANG_ENABLE_OBJC_ARC = YES;
				CLANG_ENABLE_OBJC_WEAK = YES;
				CLANG_WARN_BLOCK_CAPTURE_AUTORELEASING = YES;
				CLANG_WARN_BOOL_CONVERSION = YES;
				CLANG_WARN_COMMA = YES;
				CLANG_WARN_CONSTANT_CONVERSION = YES;
				CLANG_WARN_DEPRECATED_OBJC_IMPLEMENTATIONS = YES;
				CLANG_WARN_DIRECT_OBJC_ISA_USAGE = YES_ERROR;
				CLANG_WARN_DOCUMENTATION_COMMENTS = YES;
				CLANG_WARN_EMPTY_BODY = YES;
				CLANG_WARN_ENUM_CONVERSION = YES;
				CLANG_WARN_INFINITE_RECURSION = YES;
				CLANG_WARN_INT_CONVERSION = YES;
				CLANG_WARN_NON_LITERAL_NULL_CONVERSION = YES;
				CLANG_WARN_OBJC_IMPLICIT_RETAIN_SELF = YES;
				CLANG_WARN_OBJC_LITERAL_CONVERSION = YES;
				CLANG_WARN_OBJC_ROOT_CLASS = YES_ERROR;
				CLANG_WARN_QUOTED_INCLUDE_IN_FRAMEWORK_HEADER = YES;
				CLANG_WARN_RANGE_LOOP_ANALYSIS = YES;
				CLANG_WARN_STRICT_PROTOTYPES = YES;
				CLANG_WARN_SUSPICIOUS_MOVE = YES;
				CLANG_WARN_UNGUARDED_AVAILABILITY = YES_AGGRESSIVE;
				CLANG_WARN_UNREACHABLE_CODE = YES;
				CLANG_WARN__DUPLICATE_METHOD_MATCH = YES;
				COPY_PHASE_STRIP = NO;
				DEBUG_INFORMATION_FORMAT = "dwarf-with-dsym";
				ENABLE_NS_ASSERTIONS = NO;
				ENABLE_STRICT_OBJC_MSGSEND = YES;
				GCC_C_LANGUAGE_STANDARD = gnu11;
				GCC_NO_COMMON_BLOCKS = YES;
				GCC_WARN_64_TO_32_BIT_CONVERSION = YES;
				GCC_WARN_ABOUT_RETURN_TYPE = YES_ERROR;
				GCC_WARN_UNDECLARED_SELECTOR = YES;
				GCC_WARN_UNINITIALIZED_AUTOS = YES_AGGRESSIVE;
				GCC_WARN_UNUSED_FUNCTION = YES;
				GCC_WARN_UNUSED_VARIABLE = YES;
				IPHONEOS_DEPLOYMENT_TARGET = 16.0;
				MACOSX_DEPLOYMENT_TARGET = 13.0;
				MTL_ENABLE_DEBUG_INFO = NO;
				MTL_FAST_MATH = YES;
				SWIFT_COMPILATION_MODE = wholemodule;
				SWIFT_OPTIMIZATION_LEVEL = "-O";
			};
			name = Release;
		};
		EC7CD00A2852108D00A2C87F /* Debug */ = {
			isa = XCBuildConfiguration;
			buildSettings = {
				ASSETCATALOG_COMPILER_APPICON_NAME = AppIcon;
				ASSETCATALOG_COMPILER_GLOBAL_ACCENT_COLOR_NAME = AccentColor;
				CODE_SIGN_ENTITLEMENTS = NBodySimulation/NBodySimulation.entitlements;
				CODE_SIGN_STYLE = Automatic;
				CURRENT_PROJECT_VERSION = 1;
				DEVELOPMENT_ASSET_PATHS = "\"NBodySimulation/Preview Content\"";
				DEVELOPMENT_TEAM = T84X5VQX2Z;
				ENABLE_HARDENED_RUNTIME = YES;
				ENABLE_PREVIEWS = YES;
				GENERATE_INFOPLIST_FILE = YES;
				"INFOPLIST_KEY_UILaunchScreen_Generation[sdk=iphoneos*]" = YES;
				"INFOPLIST_KEY_UILaunchScreen_Generation[sdk=iphonesimulator*]" = YES;
				INFOPLIST_KEY_UISupportedInterfaceOrientations_iPad = "UIInterfaceOrientationPortrait UIInterfaceOrientationPortraitUpsideDown UIInterfaceOrientationLandscapeLeft UIInterfaceOrientationLandscapeRight";
				INFOPLIST_KEY_UISupportedInterfaceOrientations_iPhone = "UIInterfaceOrientationPortrait UIInterfaceOrientationLandscapeLeft UIInterfaceOrientationLandscapeRight";
				IPHONEOS_DEPLOYMENT_TARGET = 16.0;
				LD_RUNPATH_SEARCH_PATHS = "@executable_path/Frameworks";
				"LD_RUNPATH_SEARCH_PATHS[sdk=macosx*]" = "@executable_path/../Frameworks";
				MACOSX_DEPLOYMENT_TARGET = 13.0;
				MARKETING_VERSION = 1.0;
				PRODUCT_BUNDLE_IDENTIFIER = cn.edu.cuhk.hys.NBodySimulation;
				PRODUCT_NAME = "$(TARGET_NAME)";
				SDKROOT = auto;
				SUPPORTED_PLATFORMS = "iphoneos iphonesimulator macosx";
				SWIFT_EMIT_LOC_STRINGS = YES;
				SWIFT_VERSION = 5.0;
				TARGETED_DEVICE_FAMILY = "1,2";
			};
			name = Debug;
		};
		EC7CD00B2852108D00A2C87F /* Release */ = {
			isa = XCBuildConfiguration;
			buildSettings = {
				ASSETCATALOG_COMPILER_APPICON_NAME = AppIcon;
				ASSETCATALOG_COMPILER_GLOBAL_ACCENT_COLOR_NAME = AccentColor;
				CODE_SIGN_ENTITLEMENTS = NBodySimulation/NBodySimulation.entitlements;
				CODE_SIGN_STYLE = Automatic;
				CURRENT_PROJECT_VERSION = 1;
				DEVELOPMENT_ASSET_PATHS = "\"NBodySimulation/Preview Content\"";
				DEVELOPMENT_TEAM = T84X5VQX2Z;
				ENABLE_HARDENED_RUNTIME = YES;
				ENABLE_PREVIEWS = YES;
				GENERATE_INFOPLIST_FILE = YES;
				"INFOPLIST_KEY_UILaunchScreen_Generation[sdk=iphoneos*]" = YES;
				"INFOPLIST_KEY_UILaunchScreen_Generation[sdk=iphonesimulator*]" = YES;
				INFOPLIST_KEY_UISupportedInterfaceOrientations_iPad = "UIInterfaceOrientationPortrait UIInterfaceOrientationPortraitUpsideDown UIInterfaceOrientationLandscapeLeft UIInterfaceOrientationLandscapeRight";
				INFOPLIST_KEY_UISupportedInterfaceOrientations_iPhone = "UIInterfaceOrientationPortrait UIInterfaceOrientationLandscapeLeft UIInterfaceOrientationLandscapeRight";
				IPHONEOS_DEPLOYMENT_TARGET = 16.0;
				LD_RUNPATH_SEARCH_PATHS = "@executable_path/Frameworks";
				"LD_RUNPATH_SEARCH_PATHS[sdk=macosx*]" = "@executable_path/../Frameworks";
				MACOSX_DEPLOYMENT_TARGET = 13.0;
				MARKETING_VERSION = 1.0;
				PRODUCT_BUNDLE_IDENTIFIER = cn.edu.cuhk.hys.NBodySimulation;
				PRODUCT_NAME = "$(TARGET_NAME)";
				SDKROOT = auto;
				SUPPORTED_PLATFORMS = "iphoneos iphonesimulator macosx";
				SWIFT_EMIT_LOC_STRINGS = YES;
				SWIFT_VERSION = 5.0;
				TARGETED_DEVICE_FAMILY = "1,2";
			};
			name = Release;
		};
		EC7CD00D2852108D00A2C87F /* Debug */ = {
			isa = XCBuildConfiguration;
			buildSettings = {
				ALWAYS_EMBED_SWIFT_STANDARD_LIBRARIES = YES;
				BUNDLE_LOADER = "$(TEST_HOST)";
				CODE_SIGN_STYLE = Automatic;
				CURRENT_PROJECT_VERSION = 1;
				DEVELOPMENT_TEAM = T84X5VQX2Z;
				GENERATE_INFOPLIST_FILE = YES;
				IPHONEOS_DEPLOYMENT_TARGET = 16.0;
				MACOSX_DEPLOYMENT_TARGET = 13.0;
				MARKETING_VERSION = 1.0;
				PRODUCT_BUNDLE_IDENTIFIER = cn.edu.cuhk.hys.NBodySimulationTests;
				PRODUCT_NAME = "$(TARGET_NAME)";
				SDKROOT = auto;
				SUPPORTED_PLATFORMS = "iphoneos iphonesimulator macosx";
				SWIFT_EMIT_LOC_STRINGS = NO;
				SWIFT_VERSION = 5.0;
				TARGETED_DEVICE_FAMILY = "1,2";
				TEST_HOST = "$(BUILT_PRODUCTS_DIR)/NBodySimulation.app/$(BUNDLE_EXECUTABLE_FOLDER_PATH)/NBodySimulation";
			};
			name = Debug;
		};
		EC7CD00E2852108D00A2C87F /* Release */ = {
			isa = XCBuildConfiguration;
			buildSettings = {
				ALWAYS_EMBED_SWIFT_STANDARD_LIBRARIES = YES;
				BUNDLE_LOADER = "$(TEST_HOST)";
				CODE_SIGN_STYLE = Automatic;
				CURRENT_PROJECT_VERSION = 1;
				DEVELOPMENT_TEAM = T84X5VQX2Z;
				GENERATE_INFOPLIST_FILE = YES;
				IPHONEOS_DEPLOYMENT_TARGET = 16.0;
				MACOSX_DEPLOYMENT_TARGET = 13.0;
				MARKETING_VERSION = 1.0;
				PRODUCT_BUNDLE_IDENTIFIER = cn.edu.cuhk.hys.NBodySimulationTests;
				PRODUCT_NAME = "$(TARGET_NAME)";
				SDKROOT = auto;
				SUPPORTED_PLATFORMS = "iphoneos iphonesimulator macosx";
				SWIFT_EMIT_LOC_STRINGS = NO;
				SWIFT_VERSION = 5.0;
				TARGETED_DEVICE_FAMILY = "1,2";
				TEST_HOST = "$(BUILT_PRODUCTS_DIR)/NBodySimulation.app/$(BUNDLE_EXECUTABLE_FOLDER_PATH)/NBodySimulation";
			};
			name = Release;
		};
		EC7CD0102852108D00A2C87F /* Debug */ = {
			isa = XCBuildConfiguration;
			buildSettings = {
				ALWAYS_EMBED_SWIFT_STANDARD_LIBRARIES = YES;
				CODE_SIGN_STYLE = Automatic;
				CURRENT_PROJECT_VERSION = 1;
				DEVELOPMENT_TEAM = T84X5VQX2Z;
				GENERATE_INFOPLIST_FILE = YES;
				IPHONEOS_DEPLOYMENT_TARGET = 16.0;
				MACOSX_DEPLOYMENT_TARGET = 13.0;
				MARKETING_VERSION = 1.0;
				PRODUCT_BUNDLE_IDENTIFIER = cn.edu.cuhk.hys.NBodySimulationUITests;
				PRODUCT_NAME = "$(TARGET_NAME)";
				SDKROOT = auto;
				SUPPORTED_PLATFORMS = "iphoneos iphonesimulator macosx";
				SWIFT_EMIT_LOC_STRINGS = NO;
				SWIFT_VERSION = 5.0;
				TARGETED_DEVICE_FAMILY = "1,2";
				TEST_TARGET_NAME = NBodySimulation;
			};
			name = Debug;
		};
		EC7CD0112852108D00A2C87F /* Release */ = {
			isa = XCBuildConfiguration;
			buildSettings = {
				ALWAYS_EMBED_SWIFT_STANDARD_LIBRARIES = YES;
				CODE_SIGN_STYLE = Automatic;
				CURRENT_PROJECT_VERSION = 1;
				DEVELOPMENT_TEAM = T84X5VQX2Z;
				GENERATE_INFOPLIST_FILE = YES;
				IPHONEOS_DEPLOYMENT_TARGET = 16.0;
				MACOSX_DEPLOYMENT_TARGET = 13.0;
				MARKETING_VERSION = 1.0;
				PRODUCT_BUNDLE_IDENTIFIER = cn.edu.cuhk.hys.NBodySimulationUITests;
				PRODUCT_NAME = "$(TARGET_NAME)";
				SDKROOT = auto;
				SUPPORTED_PLATFORMS = "iphoneos iphonesimulator macosx";
				SWIFT_EMIT_LOC_STRINGS = NO;
				SWIFT_VERSION = 5.0;
				TARGETED_DEVICE_FAMILY = "1,2";
				TEST_TARGET_NAME = NBodySimulation;
			};
			name = Release;
		};
/* End XCBuildConfiguration section */

/* Begin XCConfigurationList section */
		EC7CCFDF2852108C00A2C87F /* Build configuration list for PBXProject "NBodySimulation" */ = {
			isa = XCConfigurationList;
			buildConfigurations = (
				EC7CD0072852108D00A2C87F /* Debug */,
				EC7CD0082852108D00A2C87F /* Release */,
			);
			defaultConfigurationIsVisible = 0;
			defaultConfigurationName = Release;
		};
		EC7CD0092852108D00A2C87F /* Build configuration list for PBXNativeTarget "NBodySimulation" */ = {
			isa = XCConfigurationList;
			buildConfigurations = (
				EC7CD00A2852108D00A2C87F /* Debug */,
				EC7CD00B2852108D00A2C87F /* Release */,
			);
			defaultConfigurationIsVisible = 0;
			defaultConfigurationName = Release;
		};
		EC7CD00C2852108D00A2C87F /* Build configuration list for PBXNativeTarget "NBodySimulationTests" */ = {
			isa = XCConfigurationList;
			buildConfigurations = (
				EC7CD00D2852108D00A2C87F /* Debug */,
				EC7CD00E2852108D00A2C87F /* Release */,
			);
			defaultConfigurationIsVisible = 0;
			defaultConfigurationName = Release;
		};
		EC7CD00F2852108D00A2C87F /* Build configuration list for PBXNativeTarget "NBodySimulationUITests" */ = {
			isa = XCConfigurationList;
			buildConfigurations = (
				EC7CD0102852108D00A2C87F /* Debug */,
				EC7CD0112852108D00A2C87F /* Release */,
			);
			defaultConfigurationIsVisible = 0;
			defaultConfigurationName = Release;
		};
/* End XCConfigurationList section */
	};
	rootObject = EC7CCFDC2852108C00A2C87F /* Project object */;
}
